
Microsoft Visual Studio Solution File, Format Version 12.00
# Visual Studio Version 16
VisualStudioVersion = 16.0.31729.503
MinimumVisualStudioVersion = 10.0.40219.1
Project("{FAE04EC0-301F-11D3-BF4B-00C04F79EFBC}") = "ApiGama", "ApiGama.csproj", "{546D3955-535D-48EC-9593-3B6A0DE954A0}"
EndProject
Project("{FAE04EC0-301F-11D3-BF4B-00C04F79EFBC}") = "Entity", "..\Entity\Entity.csproj", "{45D62021-B1B6-4C33-9173-FE806D23F290}"
EndProject
Project("{FAE04EC0-301F-11D3-BF4B-00C04F79EFBC}") = "Repository", "..\Repository\Repository.csproj", "{E0724012-4851-447F-A90A-644C2A95E87D}"
EndProject
Project("{FAE04EC0-301F-11D3-BF4B-00C04F79EFBC}") = "Service", "..\Service\Service.csproj", "{08A84A89-75AF-47AD-9B22-A829286491AD}"
EndProject
Global
	GlobalSection(SolutionConfigurationPlatforms) = preSolution
		Debug|Any CPU = Debug|Any CPU
		Release|Any CPU = Release|Any CPU
	EndGlobalSection
	GlobalSection(ProjectConfigurationPlatforms) = postSolution
		{546D3955-535D-48EC-9593-3B6A0DE954A0}.Debug|Any CPU.ActiveCfg = Debug|Any CPU
		{546D3955-535D-48EC-9593-3B6A0DE954A0}.Debug|Any CPU.Build.0 = Debug|Any CPU
		{546D3955-535D-48EC-9593-3B6A0DE954A0}.Release|Any CPU.ActiveCfg = Release|Any CPU
		{546D3955-535D-48EC-9593-3B6A0DE954A0}.Release|Any CPU.Build.0 = Release|Any CPU
		{45D62021-B1B6-4C33-9173-FE806D23F290}.Debug|Any CPU.ActiveCfg = Debug|Any CPU
		{45D62021-B1B6-4C33-9173-FE806D23F290}.Debug|Any CPU.Build.0 = Debug|Any CPU
		{45D62021-B1B6-4C33-9173-FE806D23F290}.Release|Any CPU.ActiveCfg = Release|Any CPU
		{45D62021-B1B6-4C33-9173-FE806D23F290}.Release|Any CPU.Build.0 = Release|Any CPU
		{E0724012-4851-447F-A90A-644C2A95E87D}.Debug|Any CPU.ActiveCfg = Debug|Any CPU
		{E0724012-4851-447F-A90A-644C2A95E87D}.Debug|Any CPU.Build.0 = Debug|Any CPU
		{E0724012-4851-447F-A90A-644C2A95E87D}.Release|Any CPU.ActiveCfg = Release|Any CPU
		{E0724012-4851-447F-A90A-644C2A95E87D}.Release|Any CPU.Build.0 = Release|Any CPU
		{08A84A89-75AF-47AD-9B22-A829286491AD}.Debug|Any CPU.ActiveCfg = Debug|Any CPU
		{08A84A89-75AF-47AD-9B22-A829286491AD}.Debug|Any CPU.Build.0 = Debug|Any CPU
		{08A84A89-75AF-47AD-9B22-A829286491AD}.Release|Any CPU.ActiveCfg = Release|Any CPU
		{08A84A89-75AF-47AD-9B22-A829286491AD}.Release|Any CPU.Build.0 = Release|Any CPU
	EndGlobalSection
	GlobalSection(SolutionProperties) = preSolution
		HideSolutionNode = FALSE
	EndGlobalSection
	GlobalSection(ExtensibilityGlobals) = postSolution
		SolutionGuid = {8F327C9C-6DB7-41B4-8F63-5ACC608FF963}
	EndGlobalSection
EndGlobal
